lockfile_version: '1'
generated_at: '2026-08-14T12:42:18.933812+00:00'
apm_version: 0.28.0
dependencies: []
deployments:
- kind: project-relative
  target: claude
  value: .claude/skills/conventional-commits
  runtime: null
  scope: project
  owners:
  - .
  active_owner: .
  content_hash: null
- kind: project-relative
  target: claude
  value: .claude/skills/conventional-commits/SKILL.md
  runtime: null
  scope: project
  owners:
  - .
  active_owner: .
  content_hash: sha256:cdc12b87243178bd84e4025160db5179cd0a5e2e68c33a58b1d183c0481acc9f
- kind: project-relative
  target: claude
  value: .claude/skills/skill-authoring
  runtime: null
  scope: project
  owners:
  - .
  active_owner: .
  content_hash: null
- kind: project-relative
  target: claude
  value: .claude/skills/skill-authoring/SKILL.md
  runtime: null
  scope: project
  owners:
  - .
  active_owner: .
  content_hash: sha256:5a0ad08b0976a47f188532dc9cb6fe5f3632da9594d24b01e3d10b6f9dbb75b3
local_deployed_files:
- .claude/skills/conventional-commits
- .claude/skills/conventional-commits/SKILL.md
- .claude/skills/skill-authoring
- .claude/skills/skill-authoring/SKILL.md
local_deployed_file_hashes:
  .claude/skills/conventional-commits/SKILL.md: sha256:cdc12b87243178bd84e4025160db5179cd0a5e2e68c33a58b1d183c0481acc9f
  .claude/skills/skill-authoring/SKILL.md: sha256:5a0ad08b0976a47f188532dc9cb6fe5f3632da9594d24b01e3d10b6f9dbb75b3
